version: 7
platforms:
- name: linux-64
environments:
  default:
    channels:
    - url: https://conda.anaconda.org/conda-forge/
    packages:
      linux-64:
      - conda: https://conda.anaconda.org/conda-forge/linux-64/go-1.27.1-nocgo_h8a70693_5.conda
packages:
- conda: https://conda.anaconda.org/conda-forge/linux-64/go-1.27.1-nocgo_h8a70693_5.conda
  sha256: 9222aa57169c71e0467108d91574953d844c85269861a66e0b8494b009402f58
  md5: 30216941f6e9c66d70fafcde3ecf2741
  constrains:
  - _go_select <0.0a0
  license: BSD-3-Clause
  license_family: BSD
  run_exports: {}
  size: 60003003
  timestamp: 1788892529873
